
Microsoft Visual Studio Solution File, Format Version 12.00
# Visual Studio Version 16
VisualStudioVersion = 16.0.30406.217
MinimumVisualStudioVersion = 10.0.40219.1
Project("{FAE04EC0-301F-11D3-BF4B-00C04F79EFBC}") = "Calculadora", "Calculadora.csproj", "{9566068C-9823-44E1-8367-9CFD4AD66C82}"
EndProject
Global
	GlobalSection(SolutionConfigurationPlatforms) = preSolution
		Debug|Any CPU = Debug|Any CPU
		Release|Any CPU = Release|Any CPU
	EndGlobalSection
	GlobalSection(ProjectConfigurationPlatforms) = postSolution
		{9566068C-9823-44E1-8367-9CFD4AD66C82}.Debug|Any CPU.ActiveCfg = Debug|Any CPU
		{9566068C-9823-44E1-8367-9CFD4AD66C82}.Debug|Any CPU.Build.0 = Debug|Any CPU
		{9566068C-9823-44E1-8367-9CFD4AD66C82}.Release|Any CPU.ActiveCfg = Release|Any CPU
		{9566068C-9823-44E1-8367-9CFD4AD66C82}.Release|Any CPU.Build.0 = Release|Any CPU
	EndGlobalSection
	GlobalSection(SolutionProperties) = preSolution
		HideSolutionNode = FALSE
	EndGlobalSection
	GlobalSection(ExtensibilityGlobals) = postSolution
		SolutionGuid = {F0FF8558-9D34-4ACC-B347-A4993A1C7013}
	EndGlobalSection
EndGlobal
